
Microsoft Visual Studio Solution File, Format Version 12.00
# Visual Studio Version 17
VisualStudioVersion = 17.3.32929.385
MinimumVisualStudioVersion = 10.0.40219.1
Project("{9A19103F-16F7-4668-BE54-9A1E7A4F7556}") = "1-OlaMundo", "1-OlaMundo\1-OlaMundo.csproj", "{8EE0C7E7-B267-4C72-A7E6-B59047B9518B}"
EndProject
Project("{9A19103F-16F7-4668-BE54-9A1E7A4F7556}") = "2-CriandoVariáveis", "2-CriandoVariáveis\2-CriandoVariáveis.csproj", "{BB204AB4-8476-4862-81E2-D51F03198872}"
EndProject
Project("{9A19103F-16F7-4668-BE54-9A1E7A4F7556}") = "3-CriandoVariaveisPontoFlutuante", "3-CriandoVariaveisPontoFlutuante\3-CriandoVariaveisPontoFlutuante.csproj", "{244CC41C-26C9-4D3A-B6D4-06FD30095BBA}"
EndProject
Project("{9A19103F-16F7-4668-BE54-9A1E7A4F7556}") = "4-ConversoesEOutrosTipos", "4-ConversoesEOutrosTipos\4-ConversoesEOutrosTipos.csproj", "{3C124ACC-DE84-4D73-B472-3BE4E72D532B}"
EndProject
Project("{9A19103F-16F7-4668-BE54-9A1E7A4F7556}") = "5-CaracteresETextos", "5-CaracteresETextos\5-CaracteresETextos.csproj", "{5C0BF6EA-2E40-4D67-A47E-B2F3647D2474}"
EndProject
Project("{FAE04EC0-301F-11D3-BF4B-00C04F79EFBC}") = "6-AtribuicoesDeVariaveis", "6-AtribuicoesDeVariaveis\6-AtribuicoesDeVariaveis.csproj", "{5839B1BD-1D3E-43C7-8139-DDD178E1929D}"
EndProject
Global
	GlobalSection(SolutionConfigurationPlatforms) = preSolution
		Debug|Any CPU = Debug|Any CPU
		Release|Any CPU = Release|Any CPU
	EndGlobalSection
	GlobalSection(ProjectConfigurationPlatforms) = postSolution
		{8EE0C7E7-B267-4C72-A7E6-B59047B9518B}.Debug|Any CPU.ActiveCfg = Debug|Any CPU
		{8EE0C7E7-B267-4C72-A7E6-B59047B9518B}.Debug|Any CPU.Build.0 = Debug|Any CPU
		{8EE0C7E7-B267-4C72-A7E6-B59047B9518B}.Release|Any CPU.ActiveCfg = Release|Any CPU
		{8EE0C7E7-B267-4C72-A7E6-B59047B9518B}.Release|Any CPU.Build.0 = Release|Any CPU
		{BB204AB4-8476-4862-81E2-D51F03198872}.Debug|Any CPU.ActiveCfg = Debug|Any CPU
		{BB204AB4-8476-4862-81E2-D51F03198872}.Debug|Any CPU.Build.0 = Debug|Any CPU
		{BB204AB4-8476-4862-81E2-D51F03198872}.Release|Any CPU.ActiveCfg = Release|Any CPU
		{BB204AB4-8476-4862-81E2-D51F03198872}.Release|Any CPU.Build.0 = Release|Any CPU
		{244CC41C-26C9-4D3A-B6D4-06FD30095BBA}.Debug|Any CPU.ActiveCfg = Debug|Any CPU
		{244CC41C-26C9-4D3A-B6D4-06FD30095BBA}.Debug|Any CPU.Build.0 = Debug|Any CPU
		{244CC41C-26C9-4D3A-B6D4-06FD30095BBA}.Release|Any CPU.ActiveCfg = Release|Any CPU
		{244CC41C-26C9-4D3A-B6D4-06FD30095BBA}.Release|Any CPU.Build.0 = Release|Any CPU
		{3C124ACC-DE84-4D73-B472-3BE4E72D532B}.Debug|Any CPU.ActiveCfg = Debug|Any CPU
		{3C124ACC-DE84-4D73-B472-3BE4E72D532B}.Debug|Any CPU.Build.0 = Debug|Any CPU
		{3C124ACC-DE84-4D73-B472-3BE4E72D532B}.Release|Any CPU.ActiveCfg = Release|Any CPU
		{3C124ACC-DE84-4D73-B472-3BE4E72D532B}.Release|Any CPU.Build.0 = Release|Any CPU
		{5C0BF6EA-2E40-4D67-A47E-B2F3647D2474}.Debug|Any CPU.ActiveCfg = Debug|Any CPU
		{5C0BF6EA-2E40-4D67-A47E-B2F3647D2474}.Debug|Any CPU.Build.0 = Debug|Any CPU
		{5C0BF6EA-2E40-4D67-A47E-B2F3647D2474}.Release|Any CPU.ActiveCfg = Release|Any CPU
		{5C0BF6EA-2E40-4D67-A47E-B2F3647D2474}.Release|Any CPU.Build.0 = Release|Any CPU
		{5839B1BD-1D3E-43C7-8139-DDD178E1929D}.Debug|Any CPU.ActiveCfg = Debug|Any CPU
		{5839B1BD-1D3E-43C7-8139-DDD178E1929D}.Debug|Any CPU.Build.0 = Debug|Any CPU
		{5839B1BD-1D3E-43C7-8139-DDD178E1929D}.Release|Any CPU.ActiveCfg = Release|Any CPU
		{5839B1BD-1D3E-43C7-8139-DDD178E1929D}.Release|Any CPU.Build.0 = Release|Any CPU
	EndGlobalSection
	GlobalSection(SolutionProperties) = preSolution
		HideSolutionNode = FALSE
	EndGlobalSection
	GlobalSection(ExtensibilityGlobals) = postSolution
		SolutionGuid = {14F3F9FC-E599-485B-BEAD-FC8C6BB17AE9}
	EndGlobalSection
EndGlobal
